
Microsoft Visual Studio Solution File, Format Version 12.00
Project("{FAE04EC0-301F-11D3-BF4B-00C04F79EFBC}") = "Socolin.TestsUtils.FakeSmtp", "Socolin.TestsUtils.FakeSmtp\Socolin.TestsUtils.FakeSmtp.csproj", "{2560DFA8-4887-4C5A-B825-90A8E8C52653}"
EndProject
Project("{FAE04EC0-301F-11D3-BF4B-00C04F79EFBC}") = "Socolin.TestsUtils.JsonComparer", "Socolin.TestsUtils.JsonComparer\Socolin.TestsUtils.JsonComparer.csproj", "{61848801-C3C9-4569-9243-0918B9D0668F}"
EndProject
Project("{FAE04EC0-301F-11D3-BF4B-00C04F79EFBC}") = "Socolin.TestsUtils.JsonComparer.Tests.Unit", "Socolin.TestsUtils.JsonComparer.Tests.Unit\Socolin.TestsUtils.JsonComparer.Tests.Unit.csproj", "{955EA99E-110B-46D6-AE43-D7372EEABC7F}"
EndProject
Global
	GlobalSection(SolutionConfigurationPlatforms) = preSolution
		Debug|Any CPU = Debug|Any CPU
		Release|Any CPU = Release|Any CPU
	EndGlobalSection
	GlobalSection(ProjectConfigurationPlatforms) = postSolution
		{2560DFA8-4887-4C5A-B825-90A8E8C52653}.Debug|Any CPU.ActiveCfg = Debug|Any CPU
		{2560DFA8-4887-4C5A-B825-90A8E8C52653}.Debug|Any CPU.Build.0 = Debug|Any CPU
		{2560DFA8-4887-4C5A-B825-90A8E8C52653}.Release|Any CPU.ActiveCfg = Release|Any CPU
		{2560DFA8-4887-4C5A-B825-90A8E8C52653}.Release|Any CPU.Build.0 = Release|Any CPU
		{61848801-C3C9-4569-9243-0918B9D0668F}.Debug|Any CPU.ActiveCfg = Debug|Any CPU
		{61848801-C3C9-4569-9243-0918B9D0668F}.Debug|Any CPU.Build.0 = Debug|Any CPU
		{61848801-C3C9-4569-9243-0918B9D0668F}.Release|Any CPU.ActiveCfg = Release|Any CPU
		{61848801-C3C9-4569-9243-0918B9D0668F}.Release|Any CPU.Build.0 = Release|Any CPU
		{955EA99E-110B-46D6-AE43-D7372EEABC7F}.Debug|Any CPU.ActiveCfg = Debug|Any CPU
		{955EA99E-110B-46D6-AE43-D7372EEABC7F}.Debug|Any CPU.Build.0 = Debug|Any CPU
		{955EA99E-110B-46D6-AE43-D7372EEABC7F}.Release|Any CPU.ActiveCfg = Release|Any CPU
		{955EA99E-110B-46D6-AE43-D7372EEABC7F}.Release|Any CPU.Build.0 = Release|Any CPU
	EndGlobalSection
EndGlobal
