
Microsoft Visual Studio Solution File, Format Version 12.00
Project("{FAE04EC0-301F-11D3-BF4B-00C04F79EFBC}") = "Socolin.TestUtils.FakeSmtp", "Socolin.TestUtils.FakeSmtp\Socolin.TestUtils.FakeSmtp.csproj", "{2560DFA8-4887-4C5A-B825-90A8E8C52653}"
EndProject
Project("{FAE04EC0-301F-11D3-BF4B-00C04F79EFBC}") = "Socolin.TestUtils.JsonComparer", "Socolin.TestUtils.JsonComparer\Socolin.TestUtils.JsonComparer.csproj", "{61848801-C3C9-4569-9243-0918B9D0668F}"
EndProject
Project("{FAE04EC0-301F-11D3-BF4B-00C04F79EFBC}") = "Socolin.TestUtils.JsonComparer.Tests.Unit", "Socolin.TestUtils.JsonComparer.Tests.Unit\Socolin.TestUtils.JsonComparer.Tests.Unit.csproj", "{955EA99E-110B-46D6-AE43-D7372EEABC7F}"
EndProject
Project("{FAE04EC0-301F-11D3-BF4B-00C04F79EFBC}") = "Socolin.TestUtils.JsonComparer.Examples", "Socolin.TestUtils.JsonComparer.Examples\Socolin.TestUtils.JsonComparer.Examples.csproj", "{74A181C8-ABAB-49E5-B4FC-DA5DBD2D4689}"
EndProject
Project("{FAE04EC0-301F-11D3-BF4B-00C04F79EFBC}") = "Socolin.TestUtils.JsonComparer.NUnitExtensions", "Socolin.TestUtils.JsonComparer.NUnitExtensions\Socolin.TestUtils.JsonComparer.NUnitExtensions.csproj", "{42864075-BA7C-49DD-8DE9-9A602BA4FFBD}"
EndProject
Project("{FAE04EC0-301F-11D3-BF4B-00C04F79EFBC}") = "Socolin.TestUtils.JsonComparer.NUnitExtensions.Tests", "Socolin.TestUtils.JsonComparer.NUnitExtensions.Tests\Socolin.TestUtils.JsonComparer.NUnitExtensions.Tests.csproj", "{A229F00C-B69A-453F-912E-C8DC27EAB100}"
EndProject
Project("{2150E333-8FDC-42A3-9474-1A3956D46DE8}") = "Externals", "Externals", "{4777CEED-0888-40D2-9C1A-83D4C4020403}"
EndProject
Project("{FAE04EC0-301F-11D3-BF4B-00C04F79EFBC}") = "NGitDiff", "Externals\NGitDiff\NGitDiff\NGitDiff.csproj", "{9179E7D7-19A3-4617-9C72-378619CE84F5}"
EndProject
Global
	GlobalSection(SolutionConfigurationPlatforms) = preSolution
		Debug|Any CPU = Debug|Any CPU
		Release|Any CPU = Release|Any CPU
	EndGlobalSection
	GlobalSection(ProjectConfigurationPlatforms) = postSolution
		{2560DFA8-4887-4C5A-B825-90A8E8C52653}.Debug|Any CPU.ActiveCfg = Debug|Any CPU
		{2560DFA8-4887-4C5A-B825-90A8E8C52653}.Debug|Any CPU.Build.0 = Debug|Any CPU
		{2560DFA8-4887-4C5A-B825-90A8E8C52653}.Release|Any CPU.ActiveCfg = Release|Any CPU
		{2560DFA8-4887-4C5A-B825-90A8E8C52653}.Release|Any CPU.Build.0 = Release|Any CPU
		{61848801-C3C9-4569-9243-0918B9D0668F}.Debug|Any CPU.ActiveCfg = Debug|Any CPU
		{61848801-C3C9-4569-9243-0918B9D0668F}.Debug|Any CPU.Build.0 = Debug|Any CPU
		{61848801-C3C9-4569-9243-0918B9D0668F}.Release|Any CPU.ActiveCfg = Release|Any CPU
		{61848801-C3C9-4569-9243-0918B9D0668F}.Release|Any CPU.Build.0 = Release|Any CPU
		{955EA99E-110B-46D6-AE43-D7372EEABC7F}.Debug|Any CPU.ActiveCfg = Debug|Any CPU
		{955EA99E-110B-46D6-AE43-D7372EEABC7F}.Debug|Any CPU.Build.0 = Debug|Any CPU
		{955EA99E-110B-46D6-AE43-D7372EEABC7F}.Release|Any CPU.ActiveCfg = Release|Any CPU
		{955EA99E-110B-46D6-AE43-D7372EEABC7F}.Release|Any CPU.Build.0 = Release|Any CPU
		{74A181C8-ABAB-49E5-B4FC-DA5DBD2D4689}.Debug|Any CPU.ActiveCfg = Debug|Any CPU
		{74A181C8-ABAB-49E5-B4FC-DA5DBD2D4689}.Debug|Any CPU.Build.0 = Debug|Any CPU
		{74A181C8-ABAB-49E5-B4FC-DA5DBD2D4689}.Release|Any CPU.ActiveCfg = Release|Any CPU
		{74A181C8-ABAB-49E5-B4FC-DA5DBD2D4689}.Release|Any CPU.Build.0 = Release|Any CPU
		{42864075-BA7C-49DD-8DE9-9A602BA4FFBD}.Debug|Any CPU.ActiveCfg = Debug|Any CPU
		{42864075-BA7C-49DD-8DE9-9A602BA4FFBD}.Debug|Any CPU.Build.0 = Debug|Any CPU
		{42864075-BA7C-49DD-8DE9-9A602BA4FFBD}.Release|Any CPU.ActiveCfg = Release|Any CPU
		{42864075-BA7C-49DD-8DE9-9A602BA4FFBD}.Release|Any CPU.Build.0 = Release|Any CPU
		{A229F00C-B69A-453F-912E-C8DC27EAB100}.Debug|Any CPU.ActiveCfg = Debug|Any CPU
		{A229F00C-B69A-453F-912E-C8DC27EAB100}.Debug|Any CPU.Build.0 = Debug|Any CPU
		{A229F00C-B69A-453F-912E-C8DC27EAB100}.Release|Any CPU.ActiveCfg = Release|Any CPU
		{A229F00C-B69A-453F-912E-C8DC27EAB100}.Release|Any CPU.Build.0 = Release|Any CPU
		{9179E7D7-19A3-4617-9C72-378619CE84F5}.Debug|Any CPU.ActiveCfg = Debug|Any CPU
		{9179E7D7-19A3-4617-9C72-378619CE84F5}.Debug|Any CPU.Build.0 = Debug|Any CPU
		{9179E7D7-19A3-4617-9C72-378619CE84F5}.Release|Any CPU.ActiveCfg = Release|Any CPU
		{9179E7D7-19A3-4617-9C72-378619CE84F5}.Release|Any CPU.Build.0 = Release|Any CPU
	EndGlobalSection
	GlobalSection(NestedProjects) = preSolution
		{9179E7D7-19A3-4617-9C72-378619CE84F5} = {4777CEED-0888-40D2-9C1A-83D4C4020403}
	EndGlobalSection
EndGlobal
